github.com/sig9org/selfupdate-go v0.0.3 h1:XrkNKKMaidV8j3fv+azmyhk+Z0I9IRRq8dRK/TLTxss=
github.com/sig9org/selfupdate-go v0.0.3/go.mod h1:QxDC6/acFZd6q24YtcnB92c4G4WyHt3GGExtcc7KBRU=
golang.org/x/sys v0.47.0 h1:o7XGOvZQCADBQQ4Y7VNq2dRWQR7JmOUW8Kxx4ZsNgWs=
golang.org/x/sys v0.47.0/go.mod h1:4GL1E5IUh+htKOUEOaiffhrAeqysfVGipDYzABqnCmw=
